
Microsoft Visual Studio Solution File, Format Version 12.00
# Visual Studio Version 17
VisualStudioVersion = 17.14.36121.58 d17.14
MinimumVisualStudioVersion = 10.0.40219.1
Project("{FAE04EC0-301F-11D3-BF4B-00C04F79EFBC}") = "nthLesson9", "nthLesson9.csproj", "{7E174E08-7584-4A7D-9A98-A6104CDB03ED}"
EndProject
Global
	GlobalSection(SolutionConfigurationPlatforms) = preSolution
		Debug|Any CPU = Debug|Any CPU
		Release|Any CPU = Release|Any CPU
	EndGlobalSection
	GlobalSection(ProjectConfigurationPlatforms) = postSolution
		{7E174E08-7584-4A7D-9A98-A6104CDB03ED}.Debug|Any CPU.ActiveCfg = Debug|Any CPU
		{7E174E08-7584-4A7D-9A98-A6104CDB03ED}.Debug|Any CPU.Build.0 = Debug|Any CPU
		{7E174E08-7584-4A7D-9A98-A6104CDB03ED}.Release|Any CPU.ActiveCfg = Release|Any CPU
		{7E174E08-7584-4A7D-9A98-A6104CDB03ED}.Release|Any CPU.Build.0 = Release|Any CPU
	EndGlobalSection
	GlobalSection(SolutionProperties) = preSolution
		HideSolutionNode = FALSE
	EndGlobalSection
	GlobalSection(ExtensibilityGlobals) = postSolution
		SolutionGuid = {04E94B75-AF4E-4CA1-A6BD-39E8C97DA9FE}
	EndGlobalSection
EndGlobal
