
Microsoft Visual Studio Solution File, Format Version 12.00
# Visual Studio Version 17
VisualStudioVersion = 17.14.36121.58 d17.14
MinimumVisualStudioVersion = 10.0.40219.1
Project("{FAE04EC0-301F-11D3-BF4B-00C04F79EFBC}") = "nthLesson8Annotation", "nthLesson8Annotation.csproj", "{B63AE34C-19FB-4921-BDCF-9149D6EC6925}"
EndProject
Global
	GlobalSection(SolutionConfigurationPlatforms) = preSolution
		Debug|Any CPU = Debug|Any CPU
		Release|Any CPU = Release|Any CPU
	EndGlobalSection
	GlobalSection(ProjectConfigurationPlatforms) = postSolution
		{B63AE34C-19FB-4921-BDCF-9149D6EC6925}.Debug|Any CPU.ActiveCfg = Debug|Any CPU
		{B63AE34C-19FB-4921-BDCF-9149D6EC6925}.Debug|Any CPU.Build.0 = Debug|Any CPU
		{B63AE34C-19FB-4921-BDCF-9149D6EC6925}.Release|Any CPU.ActiveCfg = Release|Any CPU
		{B63AE34C-19FB-4921-BDCF-9149D6EC6925}.Release|Any CPU.Build.0 = Release|Any CPU
	EndGlobalSection
	GlobalSection(SolutionProperties) = preSolution
		HideSolutionNode = FALSE
	EndGlobalSection
	GlobalSection(ExtensibilityGlobals) = postSolution
		SolutionGuid = {3A936391-9507-44CA-B7EF-669FC88F4B89}
	EndGlobalSection
EndGlobal
