
Microsoft Visual Studio Solution File, Format Version 12.00
# Visual Studio Version 17
VisualStudioVersion = 17.11.35312.102
MinimumVisualStudioVersion = 10.0.40219.1
Project("{FAE04EC0-301F-11D3-BF4B-00C04F79EFBC}") = "nthLesson5", "nthLesson5.csproj", "{A02B0D29-D400-42FE-87F9-B5AAB705906C}"
EndProject
Global
	GlobalSection(SolutionConfigurationPlatforms) = preSolution
		Debug|Any CPU = Debug|Any CPU
		Release|Any CPU = Release|Any CPU
	EndGlobalSection
	GlobalSection(ProjectConfigurationPlatforms) = postSolution
		{A02B0D29-D400-42FE-87F9-B5AAB705906C}.Debug|Any CPU.ActiveCfg = Debug|Any CPU
		{A02B0D29-D400-42FE-87F9-B5AAB705906C}.Debug|Any CPU.Build.0 = Debug|Any CPU
		{A02B0D29-D400-42FE-87F9-B5AAB705906C}.Release|Any CPU.ActiveCfg = Release|Any CPU
		{A02B0D29-D400-42FE-87F9-B5AAB705906C}.Release|Any CPU.Build.0 = Release|Any CPU
	EndGlobalSection
	GlobalSection(SolutionProperties) = preSolution
		HideSolutionNode = FALSE
	EndGlobalSection
	GlobalSection(ExtensibilityGlobals) = postSolution
		SolutionGuid = {29E4184C-A97B-4936-A528-F50922747A25}
	EndGlobalSection
EndGlobal
