
Microsoft Visual Studio Solution File, Format Version 12.00
# Visual Studio Version 17
VisualStudioVersion = 17.14.36121.58 d17.14
MinimumVisualStudioVersion = 10.0.40219.1
Project("{FAE04EC0-301F-11D3-BF4B-00C04F79EFBC}") = "NguyenTrongHung_2310900039", "NguyenTrongHung_2310900039.csproj", "{59894F31-DAD9-4A85-B8DE-E3C49A672B95}"
EndProject
Global
	GlobalSection(SolutionConfigurationPlatforms) = preSolution
		Debug|Any CPU = Debug|Any CPU
		Release|Any CPU = Release|Any CPU
	EndGlobalSection
	GlobalSection(ProjectConfigurationPlatforms) = postSolution
		{59894F31-DAD9-4A85-B8DE-E3C49A672B95}.Debug|Any CPU.ActiveCfg = Debug|Any CPU
		{59894F31-DAD9-4A85-B8DE-E3C49A672B95}.Debug|Any CPU.Build.0 = Debug|Any CPU
		{59894F31-DAD9-4A85-B8DE-E3C49A672B95}.Release|Any CPU.ActiveCfg = Release|Any CPU
		{59894F31-DAD9-4A85-B8DE-E3C49A672B95}.Release|Any CPU.Build.0 = Release|Any CPU
	EndGlobalSection
	GlobalSection(SolutionProperties) = preSolution
		HideSolutionNode = FALSE
	EndGlobalSection
	GlobalSection(ExtensibilityGlobals) = postSolution
		SolutionGuid = {36166CCB-BB71-490C-BFF9-F1DC28FB531C}
	EndGlobalSection
EndGlobal
