
Microsoft Visual Studio Solution File, Format Version 12.00
# Visual Studio Version 17
VisualStudioVersion = 17.14.36121.58 d17.14
MinimumVisualStudioVersion = 10.0.40219.1
Project("{FAE04EC0-301F-11D3-BF4B-00C04F79EFBC}") = "nthLesson7", "nthLesson7.csproj", "{2A11D451-9065-45AC-BE56-1F8CCD283B01}"
EndProject
Global
	GlobalSection(SolutionConfigurationPlatforms) = preSolution
		Debug|Any CPU = Debug|Any CPU
		Release|Any CPU = Release|Any CPU
	EndGlobalSection
	GlobalSection(ProjectConfigurationPlatforms) = postSolution
		{2A11D451-9065-45AC-BE56-1F8CCD283B01}.Debug|Any CPU.ActiveCfg = Debug|Any CPU
		{2A11D451-9065-45AC-BE56-1F8CCD283B01}.Debug|Any CPU.Build.0 = Debug|Any CPU
		{2A11D451-9065-45AC-BE56-1F8CCD283B01}.Release|Any CPU.ActiveCfg = Release|Any CPU
		{2A11D451-9065-45AC-BE56-1F8CCD283B01}.Release|Any CPU.Build.0 = Release|Any CPU
	EndGlobalSection
	GlobalSection(SolutionProperties) = preSolution
		HideSolutionNode = FALSE
	EndGlobalSection
	GlobalSection(ExtensibilityGlobals) = postSolution
		SolutionGuid = {1709AD03-C246-4D78-B05C-0B0E34B84DB3}
	EndGlobalSection
EndGlobal
